
Microsoft Visual Studio Solution File, Format Version 12.00
# Visual Studio 15
VisualStudioVersion = 15.0.28307.902
MinimumVisualStudioVersion = 10.0.40219.1
Project("{FAE04EC0-301F-11D3-BF4B-00C04F79EFBC}") = "Diario_De_Trader.Android", "Diario_De_Trader\Diario_De_Trader.Android\Diario_De_Trader.Android.csproj", "{4FC55A8B-AD09-4018-BAEB-973F54D22143}"
EndProject
Project("{FAE04EC0-301F-11D3-BF4B-00C04F79EFBC}") = "Diario_De_Trader.iOS", "Diario_De_Trader\Diario_De_Trader.iOS\Diario_De_Trader.iOS.csproj", "{B7202218-CAF7-4C48-8ACE-A80B75E66742}"
EndProject
Project("{FAE04EC0-301F-11D3-BF4B-00C04F79EFBC}") = "Diario_De_Trader", "Diario_De_Trader\Diario_De_Trader\Diario_De_Trader.csproj", "{3722ED96-11AA-4DBA-AD11-F0B7480C7805}"
EndProject
Global
	GlobalSection(SolutionConfigurationPlatforms) = preSolution
		Ad-Hoc|Any CPU = Ad-Hoc|Any CPU
		Ad-Hoc|iPhone = Ad-Hoc|iPhone
		Ad-Hoc|iPhoneSimulator = Ad-Hoc|iPhoneSimulator
		AppStore|Any CPU = AppStore|Any CPU
		AppStore|iPhone = AppStore|iPhone
		AppStore|iPhoneSimulator = AppStore|iPhoneSimulator
		Debug|Any CPU = Debug|Any CPU
		Debug|iPhone = Debug|iPhone
		Debug|iPhoneSimulator = Debug|iPhoneSimulator
		Release|Any CPU = Release|Any CPU
		Release|iPhone = Release|iPhone
		Release|iPhoneSimulator = Release|iPhoneSimulator
	EndGlobalSection
	GlobalSection(ProjectConfigurationPlatforms) = postSolution
		{4FC55A8B-AD09-4018-BAEB-973F54D22143}.Ad-Hoc|Any CPU.ActiveCfg = Release|Any CPU
		{4FC55A8B-AD09-4018-BAEB-973F54D22143}.Ad-Hoc|Any CPU.Build.0 = Release|Any CPU
		{4FC55A8B-AD09-4018-BAEB-973F54D22143}.Ad-Hoc|Any CPU.Deploy.0 = Release|Any CPU
		{4FC55A8B-AD09-4018-BAEB-973F54D22143}.Ad-Hoc|iPhone.ActiveCfg = Release|Any CPU
		{4FC55A8B-AD09-4018-BAEB-973F54D22143}.Ad-Hoc|iPhone.Build.0 = Release|Any CPU
		{4FC55A8B-AD09-4018-BAEB-973F54D22143}.Ad-Hoc|iPhone.Deploy.0 = Release|Any CPU
		{4FC55A8B-AD09-4018-BAEB-973F54D22143}.Ad-Hoc|iPhoneSimulator.ActiveCfg = Release|Any CPU
		{4FC55A8B-AD09-4018-BAEB-973F54D22143}.Ad-Hoc|iPhoneSimulator.Build.0 = Release|Any CPU
		{4FC55A8B-AD09-4018-BAEB-973F54D22143}.Ad-Hoc|iPhoneSimulator.Deploy.0 = Release|Any CPU
		{4FC55A8B-AD09-4018-BAEB-973F54D22143}.AppStore|Any CPU.ActiveCfg = Release|Any CPU
		{4FC55A8B-AD09-4018-BAEB-973F54D22143}.AppStore|Any CPU.Build.0 = Release|Any CPU
		{4FC55A8B-AD09-4018-BAEB-973F54D22143}.AppStore|Any CPU.Deploy.0 = Release|Any CPU
		{4FC55A8B-AD09-4018-BAEB-973F54D22143}.AppStore|iPhone.ActiveCfg = Release|Any CPU
		{4FC55A8B-AD09-4018-BAEB-973F54D22143}.AppStore|iPhone.Build.0 = Release|Any CPU
		{4FC55A8B-AD09-4018-BAEB-973F54D22143}.AppStore|iPhone.Deploy.0 = Release|Any CPU
		{4FC55A8B-AD09-4018-BAEB-973F54D22143}.AppStore|iPhoneSimulator.ActiveCfg = Release|Any CPU
		{4FC55A8B-AD09-4018-BAEB-973F54D22143}.AppStore|iPhoneSimulator.Build.0 = Release|Any CPU
		{4FC55A8B-AD09-4018-BAEB-973F54D22143}.AppStore|iPhoneSimulator.Deploy.0 = Release|Any CPU
		{4FC55A8B-AD09-4018-BAEB-973F54D22143}.Debug|Any CPU.ActiveCfg = Debug|Any CPU
		{4FC55A8B-AD09-4018-BAEB-973F54D22143}.Debug|Any CPU.Build.0 = Debug|Any CPU
		{4FC55A8B-AD09-4018-BAEB-973F54D22143}.Debug|Any CPU.Deploy.0 = Debug|Any CPU
		{4FC55A8B-AD09-4018-BAEB-973F54D22143}.Debug|iPhone.ActiveCfg = Debug|Any CPU
		{4FC55A8B-AD09-4018-BAEB-973F54D22143}.Debug|iPhone.Build.0 = Debug|Any CPU
		{4FC55A8B-AD09-4018-BAEB-973F54D22143}.Debug|iPhone.Deploy.0 = Debug|Any CPU
		{4FC55A8B-AD09-4018-BAEB-973F54D22143}.Debug|iPhoneSimulator.ActiveCfg = Debug|Any CPU
		{4FC55A8B-AD09-4018-BAEB-973F54D22143}.Debug|iPhoneSimulator.Build.0 = Debug|Any CPU
		{4FC55A8B-AD09-4018-BAEB-973F54D22143}.Debug|iPhoneSimulator.Deploy.0 = Debug|Any CPU
		{4FC55A8B-AD09-4018-BAEB-973F54D22143}.Release|Any CPU.ActiveCfg = Release|Any CPU
		{4FC55A8B-AD09-4018-BAEB-973F54D22143}.Release|Any CPU.Build.0 = Release|Any CPU
		{4FC55A8B-AD09-4018-BAEB-973F54D22143}.Release|Any CPU.Deploy.0 = Release|Any CPU
		{4FC55A8B-AD09-4018-BAEB-973F54D22143}.Release|iPhone.ActiveCfg = Release|Any CPU
		{4FC55A8B-AD09-4018-BAEB-973F54D22143}.Release|iPhone.Build.0 = Release|Any CPU
		{4FC55A8B-AD09-4018-BAEB-973F54D22143}.Release|iPhone.Deploy.0 = Release|Any CPU
		{4FC55A8B-AD09-4018-BAEB-973F54D22143}.Release|iPhoneSimulator.ActiveCfg = Release|Any CPU
		{4FC55A8B-AD09-4018-BAEB-973F54D22143}.Release|iPhoneSimulator.Build.0 = Release|Any CPU
		{4FC55A8B-AD09-4018-BAEB-973F54D22143}.Release|iPhoneSimulator.Deploy.0 = Release|Any CPU
		{B7202218-CAF7-4C48-8ACE-A80B75E66742}.Ad-Hoc|Any CPU.ActiveCfg = Ad-Hoc|iPhone
		{B7202218-CAF7-4C48-8ACE-A80B75E66742}.Ad-Hoc|Any CPU.Build.0 = Ad-Hoc|iPhone
		{B7202218-CAF7-4C48-8ACE-A80B75E66742}.Ad-Hoc|Any CPU.Deploy.0 = Ad-Hoc|iPhone
		{B7202218-CAF7-4C48-8ACE-A80B75E66742}.Ad-Hoc|iPhone.ActiveCfg = Ad-Hoc|iPhone
		{B7202218-CAF7-4C48-8ACE-A80B75E66742}.Ad-Hoc|iPhone.Build.0 = Ad-Hoc|iPhone
		{B7202218-CAF7-4C48-8ACE-A80B75E66742}.Ad-Hoc|iPhone.Deploy.0 = Ad-Hoc|iPhone
		{B7202218-CAF7-4C48-8ACE-A80B75E66742}.Ad-Hoc|iPhoneSimulator.ActiveCfg = Ad-Hoc|iPhoneSimulator
		{B7202218-CAF7-4C48-8ACE-A80B75E66742}.Ad-Hoc|iPhoneSimulator.Build.0 = Ad-Hoc|iPhoneSimulator
		{B7202218-CAF7-4C48-8ACE-A80B75E66742}.Ad-Hoc|iPhoneSimulator.Deploy.0 = Ad-Hoc|iPhoneSimulator
		{B7202218-CAF7-4C48-8ACE-A80B75E66742}.AppStore|Any CPU.ActiveCfg = AppStore|iPhone
		{B7202218-CAF7-4C48-8ACE-A80B75E66742}.AppStore|Any CPU.Build.0 = AppStore|iPhone
		{B7202218-CAF7-4C48-8ACE-A80B75E66742}.AppStore|Any CPU.Deploy.0 = AppStore|iPhone
		{B7202218-CAF7-4C48-8ACE-A80B75E66742}.AppStore|iPhone.ActiveCfg = AppStore|iPhone
		{B7202218-CAF7-4C48-8ACE-A80B75E66742}.AppStore|iPhone.Build.0 = AppStore|iPhone
		{B7202218-CAF7-4C48-8ACE-A80B75E66742}.AppStore|iPhone.Deploy.0 = AppStore|iPhone
		{B7202218-CAF7-4C48-8ACE-A80B75E66742}.AppStore|iPhoneSimulator.ActiveCfg = AppStore|iPhoneSimulator
		{B7202218-CAF7-4C48-8ACE-A80B75E66742}.AppStore|iPhoneSimulator.Build.0 = AppStore|iPhoneSimulator
		{B7202218-CAF7-4C48-8ACE-A80B75E66742}.AppStore|iPhoneSimulator.Deploy.0 = AppStore|iPhoneSimulator
		{B7202218-CAF7-4C48-8ACE-A80B75E66742}.Debug|Any CPU.ActiveCfg = Debug|iPhoneSimulator
		{B7202218-CAF7-4C48-8ACE-A80B75E66742}.Debug|Any CPU.Build.0 = Debug|iPhoneSimulator
		{B7202218-CAF7-4C48-8ACE-A80B75E66742}.Debug|Any CPU.Deploy.0 = Debug|iPhoneSimulator
		{B7202218-CAF7-4C48-8ACE-A80B75E66742}.Debug|iPhone.ActiveCfg = Debug|iPhone
		{B7202218-CAF7-4C48-8ACE-A80B75E66742}.Debug|iPhone.Build.0 = Debug|iPhone
		{B7202218-CAF7-4C48-8ACE-A80B75E66742}.Debug|iPhone.Deploy.0 = Debug|iPhone
		{B7202218-CAF7-4C48-8ACE-A80B75E66742}.Debug|iPhoneSimulator.ActiveCfg = Debug|iPhoneSimulator
		{B7202218-CAF7-4C48-8ACE-A80B75E66742}.Debug|iPhoneSimulator.Build.0 = Debug|iPhoneSimulator
		{B7202218-CAF7-4C48-8ACE-A80B75E66742}.Debug|iPhoneSimulator.Deploy.0 = Debug|iPhoneSimulator
		{B7202218-CAF7-4C48-8ACE-A80B75E66742}.Release|Any CPU.ActiveCfg = Release|iPhone
		{B7202218-CAF7-4C48-8ACE-A80B75E66742}.Release|Any CPU.Build.0 = Release|iPhone
		{B7202218-CAF7-4C48-8ACE-A80B75E66742}.Release|Any CPU.Deploy.0 = Release|iPhone
		{B7202218-CAF7-4C48-8ACE-A80B75E66742}.Release|iPhone.ActiveCfg = Release|iPhone
		{B7202218-CAF7-4C48-8ACE-A80B75E66742}.Release|iPhone.Build.0 = Release|iPhone
		{B7202218-CAF7-4C48-8ACE-A80B75E66742}.Release|iPhone.Deploy.0 = Release|iPhone
		{B7202218-CAF7-4C48-8ACE-A80B75E66742}.Release|iPhoneSimulator.ActiveCfg = Release|iPhoneSimulator
		{B7202218-CAF7-4C48-8ACE-A80B75E66742}.Release|iPhoneSimulator.Build.0 = Release|iPhoneSimulator
		{B7202218-CAF7-4C48-8ACE-A80B75E66742}.Release|iPhoneSimulator.Deploy.0 = Release|iPhoneSimulator
		{3722ED96-11AA-4DBA-AD11-F0B7480C7805}.Ad-Hoc|Any CPU.ActiveCfg = Debug|Any CPU
		{3722ED96-11AA-4DBA-AD11-F0B7480C7805}.Ad-Hoc|Any CPU.Build.0 = Debug|Any CPU
		{3722ED96-11AA-4DBA-AD11-F0B7480C7805}.Ad-Hoc|Any CPU.Deploy.0 = Debug|Any CPU
		{3722ED96-11AA-4DBA-AD11-F0B7480C7805}.Ad-Hoc|iPhone.ActiveCfg = Debug|Any CPU
		{3722ED96-11AA-4DBA-AD11-F0B7480C7805}.Ad-Hoc|iPhone.Build.0 = Debug|Any CPU
		{3722ED96-11AA-4DBA-AD11-F0B7480C7805}.Ad-Hoc|iPhone.Deploy.0 = Debug|Any CPU
		{3722ED96-11AA-4DBA-AD11-F0B7480C7805}.Ad-Hoc|iPhoneSimulator.ActiveCfg = Debug|Any CPU
		{3722ED96-11AA-4DBA-AD11-F0B7480C7805}.Ad-Hoc|iPhoneSimulator.Build.0 = Debug|Any CPU
		{3722ED96-11AA-4DBA-AD11-F0B7480C7805}.Ad-Hoc|iPhoneSimulator.Deploy.0 = Debug|Any CPU
		{3722ED96-11AA-4DBA-AD11-F0B7480C7805}.AppStore|Any CPU.ActiveCfg = Debug|Any CPU
		{3722ED96-11AA-4DBA-AD11-F0B7480C7805}.AppStore|Any CPU.Build.0 = Debug|Any CPU
		{3722ED96-11AA-4DBA-AD11-F0B7480C7805}.AppStore|Any CPU.Deploy.0 = Debug|Any CPU
		{3722ED96-11AA-4DBA-AD11-F0B7480C7805}.AppStore|iPhone.ActiveCfg = Debug|Any CPU
		{3722ED96-11AA-4DBA-AD11-F0B7480C7805}.AppStore|iPhone.Build.0 = Debug|Any CPU
		{3722ED96-11AA-4DBA-AD11-F0B7480C7805}.AppStore|iPhone.Deploy.0 = Debug|Any CPU
		{3722ED96-11AA-4DBA-AD11-F0B7480C7805}.AppStore|iPhoneSimulator.ActiveCfg = Debug|Any CPU
		{3722ED96-11AA-4DBA-AD11-F0B7480C7805}.AppStore|iPhoneSimulator.Build.0 = Debug|Any CPU
		{3722ED96-11AA-4DBA-AD11-F0B7480C7805}.AppStore|iPhoneSimulator.Deploy.0 = Debug|Any CPU
		{3722ED96-11AA-4DBA-AD11-F0B7480C7805}.Debug|Any CPU.ActiveCfg = Debug|Any CPU
		{3722ED96-11AA-4DBA-AD11-F0B7480C7805}.Debug|Any CPU.Build.0 = Debug|Any CPU
		{3722ED96-11AA-4DBA-AD11-F0B7480C7805}.Debug|Any CPU.Deploy.0 = Debug|Any CPU
		{3722ED96-11AA-4DBA-AD11-F0B7480C7805}.Debug|iPhone.ActiveCfg = Debug|Any CPU
		{3722ED96-11AA-4DBA-AD11-F0B7480C7805}.Debug|iPhone.Build.0 = Debug|Any CPU
		{3722ED96-11AA-4DBA-AD11-F0B7480C7805}.Debug|iPhone.Deploy.0 = Debug|Any CPU
		{3722ED96-11AA-4DBA-AD11-F0B7480C7805}.Debug|iPhoneSimulator.ActiveCfg = Debug|Any CPU
		{3722ED96-11AA-4DBA-AD11-F0B7480C7805}.Debug|iPhoneSimulator.Build.0 = Debug|Any CPU
		{3722ED96-11AA-4DBA-AD11-F0B7480C7805}.Debug|iPhoneSimulator.Deploy.0 = Debug|Any CPU
		{3722ED96-11AA-4DBA-AD11-F0B7480C7805}.Release|Any CPU.ActiveCfg = Release|Any CPU
		{3722ED96-11AA-4DBA-AD11-F0B7480C7805}.Release|Any CPU.Build.0 = Release|Any CPU
		{3722ED96-11AA-4DBA-AD11-F0B7480C7805}.Release|Any CPU.Deploy.0 = Release|Any CPU
		{3722ED96-11AA-4DBA-AD11-F0B7480C7805}.Release|iPhone.ActiveCfg = Release|Any CPU
		{3722ED96-11AA-4DBA-AD11-F0B7480C7805}.Release|iPhone.Build.0 = Release|Any CPU
		{3722ED96-11AA-4DBA-AD11-F0B7480C7805}.Release|iPhone.Deploy.0 = Release|Any CPU
		{3722ED96-11AA-4DBA-AD11-F0B7480C7805}.Release|iPhoneSimulator.ActiveCfg = Release|Any CPU
		{3722ED96-11AA-4DBA-AD11-F0B7480C7805}.Release|iPhoneSimulator.Build.0 = Release|Any CPU
		{3722ED96-11AA-4DBA-AD11-F0B7480C7805}.Release|iPhoneSimulator.Deploy.0 = Release|Any CPU
	EndGlobalSection
	GlobalSection(SolutionProperties) = preSolution
		HideSolutionNode = FALSE
	EndGlobalSection
	GlobalSection(ExtensibilityGlobals) = postSolution
		SolutionGuid = {C2A2CE5B-9B0E-40E2-9C3E-567CAAFCBD8D}
	EndGlobalSection
EndGlobal
